
Microsoft Visual Studio Solution File, Format Version 12.00
# Visual Studio Version 16
VisualStudioVersion = 16.0.30621.155
MinimumVisualStudioVersion = 10.0.40219.1
Project("{9A19103F-16F7-4668-BE54-9A1E7A4F7556}") = "Investigacion1", "Investigacion1.csproj", "{5668BA29-828A-4C35-9F87-61E785954701}"
EndProject
Project("{FAE04EC0-301F-11D3-BF4B-00C04F79EFBC}") = "UnitTestInvestigacion1", "..\UnitTestInvestigacion1\UnitTestInvestigacion1.csproj", "{4A81B9CD-BC12-4252-8170-8ED652C64370}"
EndProject
Global
	GlobalSection(SolutionConfigurationPlatforms) = preSolution
		Debug|Any CPU = Debug|Any CPU
		Release|Any CPU = Release|Any CPU
	EndGlobalSection
	GlobalSection(ProjectConfigurationPlatforms) = postSolution
		{5668BA29-828A-4C35-9F87-61E785954701}.Debug|Any CPU.ActiveCfg = Debug|Any CPU
		{5668BA29-828A-4C35-9F87-61E785954701}.Debug|Any CPU.Build.0 = Debug|Any CPU
		{5668BA29-828A-4C35-9F87-61E785954701}.Release|Any CPU.ActiveCfg = Release|Any CPU
		{5668BA29-828A-4C35-9F87-61E785954701}.Release|Any CPU.Build.0 = Release|Any CPU
		{4A81B9CD-BC12-4252-8170-8ED652C64370}.Debug|Any CPU.ActiveCfg = Debug|Any CPU
		{4A81B9CD-BC12-4252-8170-8ED652C64370}.Debug|Any CPU.Build.0 = Debug|Any CPU
		{4A81B9CD-BC12-4252-8170-8ED652C64370}.Release|Any CPU.ActiveCfg = Release|Any CPU
		{4A81B9CD-BC12-4252-8170-8ED652C64370}.Release|Any CPU.Build.0 = Release|Any CPU
	EndGlobalSection
	GlobalSection(SolutionProperties) = preSolution
		HideSolutionNode = FALSE
	EndGlobalSection
	GlobalSection(ExtensibilityGlobals) = postSolution
		SolutionGuid = {8F3EF37D-DD7E-4CAE-BCFA-ADEE8579DC92}
	EndGlobalSection
EndGlobal
